// !$*UTF8*$!
{
	archiveVersion = 1;
	classes = {
	};
	objectVersion = 46;
	objects = {

/* Begin PBXBuildFile section */
		9D04A7BB1B2EBEB2000AE6F5 /* DataCache.java in Sources */ = {isa = PBXBuildFile; fileRef = 9D04A7BA1B2EBEB2000AE6F5 /* DataCache.java */; };
		9D06585C1B32E2B000861C09 /* AFHTTPRequestOperation.m in Sources */ = {isa = PBXBuildFile; fileRef = 9D06582C1B32E2B000861C09 /* AFHTTPRequestOperation.m */; };
		9D06585D1B32E2B000861C09 /* AFHTTPRequestOperationManager.m in Sources */ = {isa = PBXBuildFile; fileRef = 9D06582E1B32E2B000861C09 /* AFHTTPRequestOperationManager.m */; };
		9D06585E1B32E2B000861C09 /* AFHTTPSessionManager.m in Sources */ = {isa = PBXBuildFile; fileRef = 9D0658301B32E2B000861C09 /* AFHTTPSessionManager.m */; };
		9D06585F1B32E2B000861C09 /* AFNetworkReachabilityManager.m in Sources */ = {isa = PBXBuildFile; fileRef = 9D0658331B32E2B000861C09 /* AFNetworkReachabilityManager.m */; };
		9D0658601B32E2B000861C09 /* AFSecurityPolicy.m in Sources */ = {isa = PBXBuildFile; fileRef = 9D0658351B32E2B000861C09 /* AFSecurityPolicy.m */; };
		9D0658611B32E2B000861C09 /* AFURLConnectionOperation.m in Sources */ = {isa = PBXBuildFile; fileRef = 9D0658371B32E2B000861C09 /* AFURLConnectionOperation.m */; };
		9D0658621B32E2B000861C09 /* AFURLRequestSerialization.m in Sources */ = {isa = PBXBuildFile; fileRef = 9D0658391B32E2B000861C09 /* AFURLRequestSerialization.m */; };
		9D0658631B32E2B000861C09 /* AFURLResponseSerialization.m in Sources */ = {isa = PBXBuildFile; fileRef = 9D06583B1B32E2B000861C09 /* AFURLResponseSerialization.m */; };
		9D0658641B32E2B000861C09 /* AFURLSessionManager.m in Sources */ = {isa = PBXBuildFile; fileRef = 9D06583D1B32E2B000861C09 /* AFURLSessionManager.m */; };
		9D06586A1B32E2B000861C09 /* AFNetworkActivityIndicatorManager.m in Sources */ = {isa = PBXBuildFile; fileRef = 9D06584C1B32E2B000861C09 /* AFNetworkActivityIndicatorManager.m */; };
		9D06586B1B32E2B000861C09 /* UIActivityIndicatorView+AFNetworking.m in Sources */ = {isa = PBXBuildFile; fileRef = 9D06584E1B32E2B000861C09 /* UIActivityIndicatorView+AFNetworking.m */; };
		9D06586C1B32E2B000861C09 /* UIAlertView+AFNetworking.m in Sources */ = {isa = PBXBuildFile; fileRef = 9D0658501B32E2B000861C09 /* UIAlertView+AFNetworking.m */; };
		9D06586D1B32E2B000861C09 /* UIButton+AFNetworking.m in Sources */ = {isa = PBXBuildFile; fileRef = 9D0658521B32E2B000861C09 /* UIButton+AFNetworking.m */; };
		9D06586E1B32E2B000861C09 /* UIImageView+AFNetworking.m in Sources */ = {isa = PBXBuildFile; fileRef = 9D0658541B32E2B000861C09 /* UIImageView+AFNetworking.m */; };
		9D06586F1B32E2B000861C09 /* UIProgressView+AFNetworking.m in Sources */ = {isa = PBXBuildFile; fileRef = 9D0658571B32E2B000861C09 /* UIProgressView+AFNetworking.m */; };
		9D0658701B32E2B000861C09 /* UIRefreshControl+AFNetworking.m in Sources */ = {isa = PBXBuildFile; fileRef = 9D0658591B32E2B000861C09 /* UIRefreshControl+AFNetworking.m */; };
		9D0658711B32E2B000861C09 /* UIWebView+AFNetworking.m in Sources */ = {isa = PBXBuildFile; fileRef = 9D06585B1B32E2B000861C09 /* UIWebView+AFNetworking.m */; };
		9D06587E1B32E2F100861C09 /* FMDatabase.m in Sources */ = {isa = PBXBuildFile; fileRef = 9D0658741B32E2F100861C09 /* FMDatabase.m */; };
		9D06587F1B32E2F100861C09 /* FMDatabaseAdditions.m in Sources */ = {isa = PBXBuildFile; fileRef = 9D0658761B32E2F100861C09 /* FMDatabaseAdditions.m */; };
		9D0658801B32E2F100861C09 /* FMDatabasePool.m in Sources */ = {isa = PBXBuildFile; fileRef = 9D0658781B32E2F100861C09 /* FMDatabasePool.m */; };
		9D0658811B32E2F100861C09 /* FMDatabaseQueue.m in Sources */ = {isa = PBXBuildFile; fileRef = 9D06587A1B32E2F100861C09 /* FMDatabaseQueue.m */; };
		9D0658821B32E2F100861C09 /* FMResultSet.m in Sources */ = {isa = PBXBuildFile; fileRef = 9D06587D1B32E2F100861C09 /* FMResultSet.m */; };
		9D0658841B32E30500861C09 /* libsqlite3.dylib in Frameworks */ = {isa = PBXBuildFile; fileRef = 9D0658831B32E30500861C09 /* libsqlite3.dylib */; };
		9D0658871B32E3A000861C09 /* DBHelper.m in Sources */ = {isa = PBXBuildFile; fileRef = 9D0658861B32E3A000861C09 /* DBHelper.m */; };
		9D06588B1B32F41900861C09 /* DbContract.java in Sources */ = {isa = PBXBuildFile; fileRef = 9D06588A1B32F41900861C09 /* DbContract.java */; };
		9DB6D3A91B2AA9A5000DD348 /* Company.java in Sources */ = {isa = PBXBuildFile; fileRef = 9DB6D3A41B2AA9A5000DD348 /* Company.java */; };
		9DB6D3AA1B2AA9A5000DD348 /* Login.java in Sources */ = {isa = PBXBuildFile; fileRef = 9DB6D3A61B2AA9A5000DD348 /* Login.java */; };
		9DB6D3AB1B2AA9A5000DD348 /* LoginInterface.java in Sources */ = {isa = PBXBuildFile; fileRef = 9DB6D3A71B2AA9A5000DD348 /* LoginInterface.java */; };
		9DB6D3AC1B2AA9A5000DD348 /* WebResult.java in Sources */ = {isa = PBXBuildFile; fileRef = 9DB6D3A81B2AA9A5000DD348 /* WebResult.java */; };
		9DB6D3AE1B2AB53F000DD348 /* Data.java in Sources */ = {isa = PBXBuildFile; fileRef = 9DB6D3AD1B2AB53F000DD348 /* Data.java */; };
		9DB6D3B01B2ADA3D000DD348 /* DataInterface.java in Sources */ = {isa = PBXBuildFile; fileRef = 9DB6D3AF1B2ADA3D000DD348 /* DataInterface.java */; };
		9DB6D3B81B2B04D7000DD348 /* DataTableViewController.m in Sources */ = {isa = PBXBuildFile; fileRef = 9DB6D3B71B2B04D7000DD348 /* DataTableViewController.m */; };
		9DB6D3BB1B2B0AE8000DD348 /* DataHelper.m in Sources */ = {isa = PBXBuildFile; fileRef = 9DB6D3BA1B2B0AE8000DD348 /* DataHelper.m */; };
		9DC904301B298A9F003CA3E4 /* Prefixes.properties in Resources */ = {isa = PBXBuildFile; fileRef = 9DC9042F1B298A9F003CA3E4 /* Prefixes.properties */; };
		9DF1FA0C1B2E9FEA00F69FF1 /* Generated in Resources */ = {isa = PBXBuildFile; fileRef = 9DF1FA0B1B2E9FEA00F69FF1 /* Generated */; };
		D93ACD441B25D7A100B4EC22 /* Security.framework in Frameworks */ = {isa = PBXBuildFile; fileRef = D93ACD431B25D7A100B4EC22 /* Security.framework */; };
		D97EF8231B21B59800C15643 /* main.m in Sources */ = {isa = PBXBuildFile; fileRef = D97EF8221B21B59800C15643 /* main.m */; };
		D97EF8261B21B59800C15643 /* AppDelegate.m in Sources */ = {isa = PBXBuildFile; fileRef = D97EF8251B21B59800C15643 /* AppDelegate.m */; };
		D97EF8291B21B59800C15643 /* ViewController.m in Sources */ = {isa = PBXBuildFile; fileRef = D97EF8281B21B59800C15643 /* ViewController.m */; };
		D97EF82C1B21B59800C15643 /* Main.storyboard in Resources */ = {isa = PBXBuildFile; fileRef = D97EF82A1B21B59800C15643 /* Main.storyboard */; };
		D97EF82E1B21B59900C15643 /* Images.xcassets in Resources */ = {isa = PBXBuildFile; fileRef = D97EF82D1B21B59900C15643 /* Images.xcassets */; };
		D97EF8311B21B59900C15643 /* LaunchScreen.xib in Resources */ = {isa = PBXBuildFile; fileRef = D97EF82F1B21B59900C15643 /* LaunchScreen.xib */; };
		D97EF83D1B21B59900C15643 /* WebTestAppTests.m in Sources */ = {isa = PBXBuildFile; fileRef = D97EF83C1B21B59900C15643 /* WebTestAppTests.m */; };
		D9987A521B27002600C0EB4D /* LoginHelper.m in Sources */ = {isa = PBXBuildFile; fileRef = D9987A511B27002600C0EB4D /* LoginHelper.m */; };
/* End PBXBuildFile section */

/* Begin PBXBuildRule section */
		D93ACD391B25D32100B4EC22 /* PBXBuildRule */ = {
			isa = PBXBuildRule;
			compilerSpec = com.apple.compilers.proxy.script;
			fileType = sourcecode.java;
			isEditable = 1;
			outputFiles = (
				"${PROJECT_DIR}/Generated/${INPUT_FILE_BASE}.h",
				"${PROJECT_DIR}/Generated/${INPUT_FILE_BASE}.m",
			);
			script = "if [ ! -f \"${J2OBJC_HOME}/j2objc\" ]\nthen\n    echo \"J2OBJC_HOME not correctly defined in Settings.xcconfig, currently set to '${J2OBJC_HOME}'\"\n    exit 1\nelif [ ! -d \"${ANDROID_SRC}/\" ]\nthen\n    echo \"ANDROID_SRC not correctly defined in Settings.xcconfig, currently set to '${ANDROID_SRC}'\"\n    exit 1\nelse\n    \"${J2OBJC_HOME}/j2objc\" -d \"${PROJECT_DIR}/Generated\" -sourcepath ${ANDROID_SRC} --no-package-directories -use-arc --prefixes Config/Prefixes.properties -g ${INPUT_FILE_PATH}\nfi";
		};
/* End PBXBuildRule section */

/* Begin PBXContainerItemProxy section */
		D97EF8371B21B59900C15643 /* PBXContainerItemProxy */ = {
			isa = PBXContainerItemProxy;
			containerPortal = D97EF8151B21B59700C15643 /* Project object */;
			proxyType = 1;
			remoteGlobalIDString = D97EF81C1B21B59800C15643;
			remoteInfo = WebTestApp;
		};
/* End PBXContainerItemProxy section */

/* Begin PBXFileReference section */
		9D04A7BA1B2EBEB2000AE6F5 /* DataCache.java */ = {isa = PBXFileReference; fileEncoding = 4; lastKnownFileType = sourcecode.java; path = DataCache.java; sourceTree = "<group>"; };
		9D06582B1B32E2B000861C09 /* AFHTTPRequestOperation.h */ = {isa = PBXFileReference; fileEncoding = 4; lastKnownFileType = sourcecode.c.h; path = AFHTTPRequestOperation.h; sourceTree = "<group>"; };
		9D06582C1B32E2B000861C09 /* AFHTTPRequestOperation.m */ = {isa = PBXFileReference; fileEncoding = 4; lastKnownFileType = sourcecode.c.objc; path = AFHTTPRequestOperation.m; sourceTree = "<group>"; };
		9D06582D1B32E2B000861C09 /* AFHTTPRequestOperationManager.h */ = {isa = PBXFileReference; fileEncoding = 4; lastKnownFileType = sourcecode.c.h; path = AFHTTPRequestOperationManager.h; sourceTree = "<group>"; };
		9D06582E1B32E2B000861C09 /* AFHTTPRequestOperationManager.m */ = {isa = PBXFileReference; fileEncoding = 4; lastKnownFileType = sourcecode.c.objc; path = AFHTTPRequestOperationManager.m; sourceTree = "<group>"; };
		9D06582F1B32E2B000861C09 /* AFHTTPSessionManager.h */ = {isa = PBXFileReference; fileEncoding = 4; lastKnownFileType = sourcecode.c.h; path = AFHTTPSessionManager.h; sourceTree = "<group>"; };
		9D0658301B32E2B000861C09 /* AFHTTPSessionManager.m */ = {isa = PBXFileReference; fileEncoding = 4; lastKnownFileType = sourcecode.c.objc; path = AFHTTPSessionManager.m; sourceTree = "<group>"; };
		9D0658311B32E2B000861C09 /* AFNetworking.h */ = {isa = PBXFileReference; fileEncoding = 4; lastKnownFileType = sourcecode.c.h; path = AFNetworking.h; sourceTree = "<group>"; };
		9D0658321B32E2B000861C09 /* AFNetworkReachabilityManager.h */ = {isa = PBXFileReference; fileEncoding = 4; lastKnownFileType = sourcecode.c.h; path = AFNetworkReachabilityManager.h; sourceTree = "<group>"; };
		9D0658331B32E2B000861C09 /* AFNetworkReachabilityManager.m */ = {isa = PBXFileReference; fileEncoding = 4; lastKnownFileType = sourcecode.c.objc; path = AFNetworkReachabilityManager.m; sourceTree = "<group>"; };
		9D0658341B32E2B000861C09 /* AFSecurityPolicy.h */ = {isa = PBXFileReference; fileEncoding = 4; lastKnownFileType = sourcecode.c.h; path = AFSecurityPolicy.h; sourceTree = "<group>"; };
		9D0658351B32E2B000861C09 /* AFSecurityPolicy.m */ = {isa = PBXFileReference; fileEncoding = 4; lastKnownFileType = sourcecode.c.objc; path = AFSecurityPolicy.m; sourceTree = "<group>"; };
		9D0658361B32E2B000861C09 /* AFURLConnectionOperation.h */ = {isa = PBXFileReference; fileEncoding = 4; lastKnownFileType = sourcecode.c.h; path = AFURLConnectionOperation.h; sourceTree = "<group>"; };
		9D0658371B32E2B000861C09 /* AFURLConnectionOperation.m */ = {isa = PBXFileReference; fileEncoding = 4; lastKnownFileType = sourcecode.c.objc; path = AFURLConnectionOperation.m; sourceTree = "<group>"; };
		9D0658381B32E2B000861C09 /* AFURLRequestSerialization.h */ = {isa = PBXFileReference; fileEncoding = 4; lastKnownFileType = sourcecode.c.h; path = AFURLRequestSerialization.h; sourceTree = "<group>"; };
		9D0658391B32E2B000861C09 /* AFURLRequestSerialization.m */ = {isa = PBXFileReference; fileEncoding = 4; lastKnownFileType = sourcecode.c.objc; path = AFURLRequestSerialization.m; sourceTree = "<group>"; };
		9D06583A1B32E2B000861C09 /* AFURLResponseSerialization.h */ = {isa = PBXFileReference; fileEncoding = 4; lastKnownFileType = sourcecode.c.h; path = AFURLResponseSerialization.h; sourceTree = "<group>"; };
		9D06583B1B32E2B000861C09 /* AFURLResponseSerialization.m */ = {isa = PBXFileReference; fileEncoding = 4; lastKnownFileType = sourcecode.c.objc; path = AFURLResponseSerialization.m; sourceTree = "<group>"; };
		9D06583C1B32E2B000861C09 /* AFURLSessionManager.h */ = {isa = PBXFileReference; fileEncoding = 4; lastKnownFileType = sourcecode.c.h; path = AFURLSessionManager.h; sourceTree = "<group>"; };
		9D06583D1B32E2B000861C09 /* AFURLSessionManager.m */ = {isa = PBXFileReference; fileEncoding = 4; lastKnownFileType = sourcecode.c.objc; path = AFURLSessionManager.m; sourceTree = "<group>"; };
		9D06584B1B32E2B000861C09 /* AFNetworkActivityIndicatorManager.h */ = {isa = PBXFileReference; fileEncoding = 4; lastKnownFileType = sourcecode.c.h; path = AFNetworkActivityIndicatorManager.h; sourceTree = "<group>"; };
		9D06584C1B32E2B000861C09 /* AFNetworkActivityIndicatorManager.m */ = {isa = PBXFileReference; fileEncoding = 4; lastKnownFileType = sourcecode.c.objc; path = AFNetworkActivityIndicatorManager.m; sourceTree = "<group>"; };
		9D06584D1B32E2B000861C09 /* UIActivityIndicatorView+AFNetworking.h */ = {isa = PBXFileReference; fileEncoding = 4; lastKnownFileType = sourcecode.c.h; path = "UIActivityIndicatorView+AFNetworking.h"; sourceTree = "<group>"; };
		9D06584E1B32E2B000861C09 /* UIActivityIndicatorView+AFNetworking.m */ = {isa = PBXFileReference; fileEncoding = 4; lastKnownFileType = sourcecode.c.objc; path = "UIActivityIndicatorView+AFNetworking.m"; sourceTree = "<group>"; };
		9D06584F1B32E2B000861C09 /* UIAlertView+AFNetworking.h */ = {isa = PBXFileReference; fileEncoding = 4; lastKnownFileType = sourcecode.c.h; path = "UIAlertView+AFNetworking.h"; sourceTree = "<group>"; };
		9D0658501B32E2B000861C09 /* UIAlertView+AFNetworking.m */ = {isa = PBXFileReference; fileEncoding = 4; lastKnownFileType = sourcecode.c.objc; path = "UIAlertView+AFNetworking.m"; sourceTree = "<group>"; };
		9D0658511B32E2B000861C09 /* UIButton+AFNetworking.h */ = {isa = PBXFileReference; fileEncoding = 4; lastKnownFileType = sourcecode.c.h; path = "UIButton+AFNetworking.h"; sourceTree = "<group>"; };
		9D0658521B32E2B000861C09 /* UIButton+AFNetworking.m */ = {isa = PBXFileReference; fileEncoding = 4; lastKnownFileType = sourcecode.c.objc; path = "UIButton+AFNetworking.m"; sourceTree = "<group>"; };
		9D0658531B32E2B000861C09 /* UIImageView+AFNetworking.h */ = {isa = PBXFileReference; fileEncoding = 4; lastKnownFileType = sourcecode.c.h; path = "UIImageView+AFNetworking.h"; sourceTree = "<group>"; };
		9D0658541B32E2B000861C09 /* UIImageView+AFNetworking.m */ = {isa = PBXFileReference; fileEncoding = 4; lastKnownFileType = sourcecode.c.objc; path = "UIImageView+AFNetworking.m"; sourceTree = "<group>"; };
		9D0658551B32E2B000861C09 /* UIKit+AFNetworking.h */ = {isa = PBXFileReference; fileEncoding = 4; lastKnownFileType = sourcecode.c.h; path = "UIKit+AFNetworking.h"; sourceTree = "<group>"; };
		9D0658561B32E2B000861C09 /* UIProgressView+AFNetworking.h */ = {isa = PBXFileReference; fileEncoding = 4; lastKnownFileType = sourcecode.c.h; path = "UIProgressView+AFNetworking.h"; sourceTree = "<group>"; };
		9D0658571B32E2B000861C09 /* UIProgressView+AFNetworking.m */ = {isa = PBXFileReference; fileEncoding = 4; lastKnownFileType = sourcecode.c.objc; path = "UIProgressView+AFNetworking.m"; sourceTree = "<group>"; };
		9D0658581B32E2B000861C09 /* UIRefreshControl+AFNetworking.h */ = {isa = PBXFileReference; fileEncoding = 4; lastKnownFileType = sourcecode.c.h; path = "UIRefreshControl+AFNetworking.h"; sourceTree = "<group>"; };
		9D0658591B32E2B000861C09 /* UIRefreshControl+AFNetworking.m */ = {isa = PBXFileReference; fileEncoding = 4; lastKnownFileType = sourcecode.c.objc; path = "UIRefreshControl+AFNetworking.m"; sourceTree = "<group>"; };
		9D06585A1B32E2B000861C09 /* UIWebView+AFNetworking.h */ = {isa = PBXFileReference; fileEncoding = 4; lastKnownFileType = sourcecode.c.h; path = "UIWebView+AFNetworking.h"; sourceTree = "<group>"; };
		9D06585B1B32E2B000861C09 /* UIWebView+AFNetworking.m */ = {isa = PBXFileReference; fileEncoding = 4; lastKnownFileType = sourcecode.c.objc; path = "UIWebView+AFNetworking.m"; sourceTree = "<group>"; };
		9D0658731B32E2F100861C09 /* FMDatabase.h */ = {isa = PBXFileReference; fileEncoding = 4; lastKnownFileType = sourcecode.c.h; path = FMDatabase.h; sourceTree = "<group>"; };
		9D0658741B32E2F100861C09 /* FMDatabase.m */ = {isa = PBXFileReference; fileEncoding = 4; lastKnownFileType = sourcecode.c.objc; path = FMDatabase.m; sourceTree = "<group>"; };
		9D0658751B32E2F100861C09 /* FMDatabaseAdditions.h */ = {isa = PBXFileReference; fileEncoding = 4; lastKnownFileType = sourcecode.c.h; path = FMDatabaseAdditions.h; sourceTree = "<group>"; };
		9D0658761B32E2F100861C09 /* FMDatabaseAdditions.m */ = {isa = PBXFileReference; fileEncoding = 4; lastKnownFileType = sourcecode.c.objc; path = FMDatabaseAdditions.m; sourceTree = "<group>"; };
		9D0658771B32E2F100861C09 /* FMDatabasePool.h */ = {isa = PBXFileReference; fileEncoding = 4; lastKnownFileType = sourcecode.c.h; path = FMDatabasePool.h; sourceTree = "<group>"; };
		9D0658781B32E2F100861C09 /* FMDatabasePool.m */ = {isa = PBXFileReference; fileEncoding = 4; lastKnownFileType = sourcecode.c.objc; path = FMDatabasePool.m; sourceTree = "<group>"; };
		9D0658791B32E2F100861C09 /* FMDatabaseQueue.h */ = {isa = PBXFileReference; fileEncoding = 4; lastKnownFileType = sourcecode.c.h; path = FMDatabaseQueue.h; sourceTree = "<group>"; };
		9D06587A1B32E2F100861C09 /* FMDatabaseQueue.m */ = {isa = PBXFileReference; fileEncoding = 4; lastKnownFileType = sourcecode.c.objc; path = FMDatabaseQueue.m; sourceTree = "<group>"; };
		9D06587B1B32E2F100861C09 /* FMDB.h */ = {isa = PBXFileReference; fileEncoding = 4; lastKnownFileType = sourcecode.c.h; path = FMDB.h; sourceTree = "<group>"; };
		9D06587C1B32E2F100861C09 /* FMResultSet.h */ = {isa = PBXFileReference; fileEncoding = 4; lastKnownFileType = sourcecode.c.h; path = FMResultSet.h; sourceTree = "<group>"; };
		9D06587D1B32E2F100861C09 /* FMResultSet.m */ = {isa = PBXFileReference; fileEncoding = 4; lastKnownFileType = sourcecode.c.objc; path = FMResultSet.m; sourceTree = "<group>"; };
		9D0658831B32E30500861C09 /* libsqlite3.dylib */ = {isa = PBXFileReference; lastKnownFileType = "compiled.mach-o.dylib"; name = libsqlite3.dylib; path = usr/lib/libsqlite3.dylib; sourceTree = SDKROOT; };
		9D0658851B32E3A000861C09 /* DBHelper.h */ = {isa = PBXFileReference; fileEncoding = 4; lastKnownFileType = sourcecode.c.h; name = DBHelper.h; path = Data/DBHelper.h; sourceTree = "<group>"; };
		9D0658861B32E3A000861C09 /* DBHelper.m */ = {isa = PBXFileReference; fileEncoding = 4; lastKnownFileType = sourcecode.c.objc; name = DBHelper.m; path = Data/DBHelper.m; sourceTree = "<group>"; };
		9D06588A1B32F41900861C09 /* DbContract.java */ = {isa = PBXFileReference; fileEncoding = 4; lastKnownFileType = sourcecode.java; path = DbContract.java; sourceTree = "<group>"; };
		9DB6D3A41B2AA9A5000DD348 /* Company.java */ = {isa = PBXFileReference; fileEncoding = 4; lastKnownFileType = sourcecode.java; path = Company.java; sourceTree = "<group>"; };
		9DB6D3A61B2AA9A5000DD348 /* Login.java */ = {isa = PBXFileReference; fileEncoding = 4; lastKnownFileType = sourcecode.java; path = Login.java; sourceTree = "<group>"; };
		9DB6D3A71B2AA9A5000DD348 /* LoginInterface.java */ = {isa = PBXFileReference; fileEncoding = 4; lastKnownFileType = sourcecode.java; path = LoginInterface.java; sourceTree = "<group>"; };
		9DB6D3A81B2AA9A5000DD348 /* WebResult.java */ = {isa = PBXFileReference; fileEncoding = 4; lastKnownFileType = sourcecode.java; path = WebResult.java; sourceTree = "<group>"; };
		9DB6D3AD1B2AB53F000DD348 /* Data.java */ = {isa = PBXFileReference; fileEncoding = 4; lastKnownFileType = sourcecode.java; path = Data.java; sourceTree = "<group>"; };
		9DB6D3AF1B2ADA3D000DD348 /* DataInterface.java */ = {isa = PBXFileReference; fileEncoding = 4; lastKnownFileType = sourcecode.java; path = DataInterface.java; sourceTree = "<group>"; };
		9DB6D3B61B2B04D7000DD348 /* DataTableViewController.h */ = {isa = PBXFileReference; fileEncoding = 4; lastKnownFileType = sourcecode.c.h; name = DataTableViewController.h; path = Data/DataTableViewController.h; sourceTree = "<group>"; };
		9DB6D3B71B2B04D7000DD348 /* DataTableViewController.m */ = {isa = PBXFileReference; fileEncoding = 4; lastKnownFileType = sourcecode.c.objc; name = DataTableViewController.m; path = Data/DataTableViewController.m; sourceTree = "<group>"; };
		9DB6D3B91B2B0AE8000DD348 /* DataHelper.h */ = {isa = PBXFileReference; fileEncoding = 4; lastKnownFileType = sourcecode.c.h; name = DataHelper.h; path = Data/DataHelper.h; sourceTree = "<group>"; };
		9DB6D3BA1B2B0AE8000DD348 /* DataHelper.m */ = {isa = PBXFileReference; fileEncoding = 4; lastKnownFileType = sourcecode.c.objc; name = DataHelper.m; path = Data/DataHelper.m; sourceTree = "<group>"; };
		9DC9042C1B298240003CA3E4 /* Settings.xcconfig */ = {isa = PBXFileReference; fileEncoding = 4; lastKnownFileType = text.xcconfig; name = Settings.xcconfig; path = Config/Settings.xcconfig; sourceTree = "<group>"; };
		9DC9042F1B298A9F003CA3E4 /* Prefixes.properties */ = {isa = PBXFileReference; fileEncoding = 4; lastKnownFileType = text; name = Prefixes.properties; path = Config/Prefixes.properties; sourceTree = "<group>"; };
		9DC904321B299A7F003CA3E4 /* libz.dylib */ = {isa = PBXFileReference; lastKnownFileType = "compiled.mach-o.dylib"; name = libz.dylib; path = usr/lib/libz.dylib; sourceTree = SDKROOT; };
		9DC904341B299A87003CA3E4 /* libicucore.dylib */ = {isa = PBXFileReference; lastKnownFileType = "compiled.mach-o.dylib"; name = libicucore.dylib; path = usr/lib/libicucore.dylib; sourceTree = SDKROOT; };
		9DC904361B299B9C003CA3E4 /* Foundation.framework */ = {isa = PBXFileReference; lastKnownFileType = wrapper.framework; name = Foundation.framework; path = System/Library/Frameworks/Foundation.framework; sourceTree = SDKROOT; };
		9DC904381B299BA8003CA3E4 /* UIKit.framework */ = {isa = PBXFileReference; lastKnownFileType = wrapper.framework; name = UIKit.framework; path = System/Library/Frameworks/UIKit.framework; sourceTree = SDKROOT; };
		9DF1FA0B1B2E9FEA00F69FF1 /* Generated */ = {isa = PBXFileReference; lastKnownFileType = folder; path = Generated; sourceTree = "<group>"; };
		D93ACD431B25D7A100B4EC22 /* Security.framework */ = {isa = PBXFileReference; lastKnownFileType = wrapper.framework; name = Security.framework; path = System/Library/Frameworks/Security.framework; sourceTree = SDKROOT; };
		D97EF81D1B21B59800C15643 /* WebTestApp.app */ = {isa = PBXFileReference; explicitFileType = wrapper.application; includeInIndex = 0; path = WebTestApp.app; sourceTree = BUILT_PRODUCTS_DIR; };
		D97EF8211B21B59800C15643 /* Info.plist */ = {isa = PBXFileReference; lastKnownFileType = text.plist.xml; path = Info.plist; sourceTree = "<group>"; };
		D97EF8221B21B59800C15643 /* main.m */ = {isa = PBXFileReference; lastKnownFileType = sourcecode.c.objc; path = main.m; sourceTree = "<group>"; };
		D97EF8241B21B59800C15643 /* AppDelegate.h */ = {isa = PBXFileReference; lastKnownFileType = sourcecode.c.h; path = AppDelegate.h; sourceTree = "<group>"; };
		D97EF8251B21B59800C15643 /* AppDelegate.m */ = {isa = PBXFileReference; lastKnownFileType = sourcecode.c.objc; path = AppDelegate.m; sourceTree = "<group>"; };
		D97EF8271B21B59800C15643 /* ViewController.h */ = {isa = PBXFileReference; lastKnownFileType = sourcecode.c.h; name = ViewController.h; path = Login/ViewController.h; sourceTree = "<group>"; };
		D97EF8281B21B59800C15643 /* ViewController.m */ = {isa = PBXFileReference; lastKnownFileType = sourcecode.c.objc; name = ViewController.m; path = Login/ViewController.m; sourceTree = "<group>"; };
		D97EF82B1B21B59800C15643 /* Base */ = {isa = PBXFileReference; lastKnownFileType = file.storyboard; name = Base; path = Base.lproj/Main.storyboard; sourceTree = "<group>"; };
		D97EF82D1B21B59900C15643 /* Images.xcassets */ = {isa = PBXFileReference; lastKnownFileType = folder.assetcatalog; path = Images.xcassets; sourceTree = "<group>"; };
		D97EF8301B21B59900C15643 /* Base */ = {isa = PBXFileReference; lastKnownFileType = file.xib; name = Base; path = Base.lproj/LaunchScreen.xib; sourceTree = "<group>"; };
		D97EF8361B21B59900C15643 /* WebTestAppTests.xctest */ = {isa = PBXFileReference; explicitFileType = wrapper.cfbundle; includeInIndex = 0; path = WebTestAppTests.xctest; sourceTree = BUILT_PRODUCTS_DIR; };
		D97EF83B1B21B59900C15643 /* Info.plist */ = {isa = PBXFileReference; lastKnownFileType = text.plist.xml; path = Info.plist; sourceTree = "<group>"; };
		D97EF83C1B21B59900C15643 /* WebTestAppTests.m */ = {isa = PBXFileReference; lastKnownFileType = sourcecode.c.objc; path = WebTestAppTests.m; sourceTree = "<group>"; };
		D9987A501B26FFBE00C0EB4D /* LoginHelper.h */ = {isa = PBXFileReference; fileEncoding = 4; lastKnownFileType = sourcecode.c.h; name = LoginHelper.h; path = Login/LoginHelper.h; sourceTree = "<group>"; };
		D9987A511B27002600C0EB4D /* LoginHelper.m */ = {isa = PBXFileReference; fileEncoding = 4; lastKnownFileType = sourcecode.c.objc; name = LoginHelper.m; path = Login/LoginHelper.m; sourceTree = "<group>"; };
/* End PBXFileReference section */

/* Begin PBXFrameworksBuildPhase section */
		D97EF81A1B21B59800C15643 /* Frameworks */ = {
			isa = PBXFrameworksBuildPhase;
			buildActionMask = 2147483647;
			files = (
				9D0658841B32E30500861C09 /* libsqlite3.dylib in Frameworks */,
				D93ACD441B25D7A100B4EC22 /* Security.framework in Frameworks */,
			);
			runOnlyForDeploymentPostprocessing = 0;
		};
		D97EF8331B21B59900C15643 /* Frameworks */ = {
			isa = PBXFrameworksBuildPhase;
			buildActionMask = 2147483647;
			files = (
			);
			runOnlyForDeploymentPostprocessing = 0;
		};
/* End PBXFrameworksBuildPhase section */

/* Begin PBXGroup section */
		9D06582A1B32E2B000861C09 /* AFNetworking */ = {
			isa = PBXGroup;
			children = (
				9D06582B1B32E2B000861C09 /* AFHTTPRequestOperation.h */,
				9D06582C1B32E2B000861C09 /* AFHTTPRequestOperation.m */,
				9D06582D1B32E2B000861C09 /* AFHTTPRequestOperationManager.h */,
				9D06582E1B32E2B000861C09 /* AFHTTPRequestOperationManager.m */,
				9D06582F1B32E2B000861C09 /* AFHTTPSessionManager.h */,
				9D0658301B32E2B000861C09 /* AFHTTPSessionManager.m */,
				9D0658311B32E2B000861C09 /* AFNetworking.h */,
				9D0658321B32E2B000861C09 /* AFNetworkReachabilityManager.h */,
				9D0658331B32E2B000861C09 /* AFNetworkReachabilityManager.m */,
				9D0658341B32E2B000861C09 /* AFSecurityPolicy.h */,
				9D0658351B32E2B000861C09 /* AFSecurityPolicy.m */,
				9D0658361B32E2B000861C09 /* AFURLConnectionOperation.h */,
				9D0658371B32E2B000861C09 /* AFURLConnectionOperation.m */,
				9D0658381B32E2B000861C09 /* AFURLRequestSerialization.h */,
				9D0658391B32E2B000861C09 /* AFURLRequestSerialization.m */,
				9D06583A1B32E2B000861C09 /* AFURLResponseSerialization.h */,
				9D06583B1B32E2B000861C09 /* AFURLResponseSerialization.m */,
				9D06583C1B32E2B000861C09 /* AFURLSessionManager.h */,
				9D06583D1B32E2B000861C09 /* AFURLSessionManager.m */,
			);
			name = AFNetworking;
			path = 3rdParty/AFNetworking;
			sourceTree = "<group>";
		};
		9D06584A1B32E2B000861C09 /* UIKit+AFNetworking */ = {
			isa = PBXGroup;
			children = (
				9D06584B1B32E2B000861C09 /* AFNetworkActivityIndicatorManager.h */,
				9D06584C1B32E2B000861C09 /* AFNetworkActivityIndicatorManager.m */,
				9D06584D1B32E2B000861C09 /* UIActivityIndicatorView+AFNetworking.h */,
				9D06584E1B32E2B000861C09 /* UIActivityIndicatorView+AFNetworking.m */,
				9D06584F1B32E2B000861C09 /* UIAlertView+AFNetworking.h */,
				9D0658501B32E2B000861C09 /* UIAlertView+AFNetworking.m */,
				9D0658511B32E2B000861C09 /* UIButton+AFNetworking.h */,
				9D0658521B32E2B000861C09 /* UIButton+AFNetworking.m */,
				9D0658531B32E2B000861C09 /* UIImageView+AFNetworking.h */,
				9D0658541B32E2B000861C09 /* UIImageView+AFNetworking.m */,
				9D0658551B32E2B000861C09 /* UIKit+AFNetworking.h */,
				9D0658561B32E2B000861C09 /* UIProgressView+AFNetworking.h */,
				9D0658571B32E2B000861C09 /* UIProgressView+AFNetworking.m */,
				9D0658581B32E2B000861C09 /* UIRefreshControl+AFNetworking.h */,
				9D0658591B32E2B000861C09 /* UIRefreshControl+AFNetworking.m */,
				9D06585A1B32E2B000861C09 /* UIWebView+AFNetworking.h */,
				9D06585B1B32E2B000861C09 /* UIWebView+AFNetworking.m */,
			);
			name = "UIKit+AFNetworking";
			path = "3rdParty/UIKit+AFNetworking";
			sourceTree = "<group>";
		};
		9D0658721B32E2F100861C09 /* fmdb */ = {
			isa = PBXGroup;
			children = (
				9D0658731B32E2F100861C09 /* FMDatabase.h */,
				9D0658741B32E2F100861C09 /* FMDatabase.m */,
				9D0658751B32E2F100861C09 /* FMDatabaseAdditions.h */,
				9D0658761B32E2F100861C09 /* FMDatabaseAdditions.m */,
				9D0658771B32E2F100861C09 /* FMDatabasePool.h */,
				9D0658781B32E2F100861C09 /* FMDatabasePool.m */,
				9D0658791B32E2F100861C09 /* FMDatabaseQueue.h */,
				9D06587A1B32E2F100861C09 /* FMDatabaseQueue.m */,
				9D06587B1B32E2F100861C09 /* FMDB.h */,
				9D06587C1B32E2F100861C09 /* FMResultSet.h */,
				9D06587D1B32E2F100861C09 /* FMResultSet.m */,
			);
			name = fmdb;
			path = 3rdParty/fmdb;
			sourceTree = "<group>";
		};
		9D0658891B32F41900861C09 /* db */ = {
			isa = PBXGroup;
			children = (
				9D06588A1B32F41900861C09 /* DbContract.java */,
			);
			path = db;
			sourceTree = "<group>";
		};
		9DB6D3A21B2AA9A5000DD348 /* weblib */ = {
			isa = PBXGroup;
			children = (
				9D0658891B32F41900861C09 /* db */,
				9DB6D3A31B2AA9A5000DD348 /* data */,
				9DB6D3A51B2AA9A5000DD348 /* login */,
				9DB6D3A81B2AA9A5000DD348 /* WebResult.java */,
			);
			name = weblib;
			path = "../../../Android/Projects/WebTestApp-android/weblib/src/main/java/com/example/weblib";
			sourceTree = "<group>";
		};
		9DB6D3A31B2AA9A5000DD348 /* data */ = {
			isa = PBXGroup;
			children = (
				9D04A7BA1B2EBEB2000AE6F5 /* DataCache.java */,
				9DB6D3AF1B2ADA3D000DD348 /* DataInterface.java */,
				9DB6D3AD1B2AB53F000DD348 /* Data.java */,
				9DB6D3A41B2AA9A5000DD348 /* Company.java */,
			);
			path = data;
			sourceTree = "<group>";
		};
		9DB6D3A51B2AA9A5000DD348 /* login */ = {
			isa = PBXGroup;
			children = (
				9DB6D3A61B2AA9A5000DD348 /* Login.java */,
				9DB6D3A71B2AA9A5000DD348 /* LoginInterface.java */,
			);
			path = login;
			sourceTree = "<group>";
		};
		9DB6D3B11B2AFD3C000DD348 /* Login */ = {
			isa = PBXGroup;
			children = (
				D9987A501B26FFBE00C0EB4D /* LoginHelper.h */,
				D9987A511B27002600C0EB4D /* LoginHelper.m */,
				D97EF8271B21B59800C15643 /* ViewController.h */,
				D97EF8281B21B59800C15643 /* ViewController.m */,
			);
			name = Login;
			sourceTree = "<group>";
		};
		9DB6D3B21B2AFD44000DD348 /* Data */ = {
			isa = PBXGroup;
			children = (
				9DB6D3B91B2B0AE8000DD348 /* DataHelper.h */,
				9DB6D3BA1B2B0AE8000DD348 /* DataHelper.m */,
				9DB6D3B61B2B04D7000DD348 /* DataTableViewController.h */,
				9DB6D3B71B2B04D7000DD348 /* DataTableViewController.m */,
				9D0658851B32E3A000861C09 /* DBHelper.h */,
				9D0658861B32E3A000861C09 /* DBHelper.m */,
			);
			name = Data;
			sourceTree = "<group>";
		};
		9DC9042E1B298A8E003CA3E4 /* Config */ = {
			isa = PBXGroup;
			children = (
				9DC9042F1B298A9F003CA3E4 /* Prefixes.properties */,
				9DC9042C1B298240003CA3E4 /* Settings.xcconfig */,
			);
			name = Config;
			sourceTree = "<group>";
		};
		D97EF8141B21B59700C15643 = {
			isa = PBXGroup;
			children = (
				9DB6D3A21B2AA9A5000DD348 /* weblib */,
				9DC9042E1B298A8E003CA3E4 /* Config */,
				D97EF8461B21CE0100C15643 /* 3rdParty */,
				9DF1FA0B1B2E9FEA00F69FF1 /* Generated */,
				D97EF81F1B21B59800C15643 /* WebTestApp */,
				D97EF8391B21B59900C15643 /* WebTestAppTests */,
				D9987A4F1B26FBE200C0EB4D /* Frameworks */,
				D97EF81E1B21B59800C15643 /* Products */,
			);
			sourceTree = "<group>";
		};
		D97EF81E1B21B59800C15643 /* Products */ = {
			isa = PBXGroup;
			children = (
				D97EF81D1B21B59800C15643 /* WebTestApp.app */,
				D97EF8361B21B59900C15643 /* WebTestAppTests.xctest */,
			);
			name = Products;
			sourceTree = "<group>";
		};
		D97EF81F1B21B59800C15643 /* WebTestApp */ = {
			isa = PBXGroup;
			children = (
				9DB6D3B21B2AFD44000DD348 /* Data */,
				9DB6D3B11B2AFD3C000DD348 /* Login */,
				D97EF8241B21B59800C15643 /* AppDelegate.h */,
				D97EF8251B21B59800C15643 /* AppDelegate.m */,
				D97EF82D1B21B59900C15643 /* Images.xcassets */,
				D97EF82F1B21B59900C15643 /* LaunchScreen.xib */,
				D97EF82A1B21B59800C15643 /* Main.storyboard */,
				D97EF8201B21B59800C15643 /* Supporting Files */,
			);
			path = WebTestApp;
			sourceTree = "<group>";
		};
		D97EF8201B21B59800C15643 /* Supporting Files */ = {
			isa = PBXGroup;
			children = (
				D97EF8211B21B59800C15643 /* Info.plist */,
				D97EF8221B21B59800C15643 /* main.m */,
			);
			name = "Supporting Files";
			sourceTree = "<group>";
		};
		D97EF8391B21B59900C15643 /* WebTestAppTests */ = {
			isa = PBXGroup;
			children = (
				D97EF83C1B21B59900C15643 /* WebTestAppTests.m */,
				D97EF83A1B21B59900C15643 /* Supporting Files */,
			);
			path = WebTestAppTests;
			sourceTree = "<group>";
		};
		D97EF83A1B21B59900C15643 /* Supporting Files */ = {
			isa = PBXGroup;
			children = (
				D97EF83B1B21B59900C15643 /* Info.plist */,
			);
			name = "Supporting Files";
			sourceTree = "<group>";
		};
		D97EF8461B21CE0100C15643 /* 3rdParty */ = {
			isa = PBXGroup;
			children = (
				9D0658721B32E2F100861C09 /* fmdb */,
				9D06582A1B32E2B000861C09 /* AFNetworking */,
				9D06584A1B32E2B000861C09 /* UIKit+AFNetworking */,
			);
			name = 3rdParty;
			sourceTree = "<group>";
		};
		D9987A4F1B26FBE200C0EB4D /* Frameworks */ = {
			isa = PBXGroup;
			children = (
				9D0658831B32E30500861C09 /* libsqlite3.dylib */,
				9DC904381B299BA8003CA3E4 /* UIKit.framework */,
				9DC904361B299B9C003CA3E4 /* Foundation.framework */,
				9DC904341B299A87003CA3E4 /* libicucore.dylib */,
				9DC904321B299A7F003CA3E4 /* libz.dylib */,
				D93ACD431B25D7A100B4EC22 /* Security.framework */,
			);
			name = Frameworks;
			sourceTree = "<group>";
		};
/* End PBXGroup section */

/* Begin PBXNativeTarget section */
		D97EF81C1B21B59800C15643 /* WebTestApp */ = {
			isa = PBXNativeTarget;
			buildConfigurationList = D97EF8401B21B59900C15643 /* Build configuration list for PBXNativeTarget "WebTestApp" */;
			buildPhases = (
				D97EF8191B21B59800C15643 /* Sources */,
				D97EF81A1B21B59800C15643 /* Frameworks */,
				D97EF81B1B21B59800C15643 /* Resources */,
			);
			buildRules = (
				D93ACD391B25D32100B4EC22 /* PBXBuildRule */,
			);
			dependencies = (
			);
			name = WebTestApp;
			productName = WebTestApp;
			productReference = D97EF81D1B21B59800C15643 /* WebTestApp.app */;
			productType = "com.apple.product-type.application";
		};
		D97EF8351B21B59900C15643 /* WebTestAppTests */ = {
			isa = PBXNativeTarget;
			buildConfigurationList = D97EF8431B21B59900C15643 /* Build configuration list for PBXNativeTarget "WebTestAppTests" */;
			buildPhases = (
				D97EF8321B21B59900C15643 /* Sources */,
				D97EF8331B21B59900C15643 /* Frameworks */,
				D97EF8341B21B59900C15643 /* Resources */,
			);
			buildRules = (
			);
			dependencies = (
				D97EF8381B21B59900C15643 /* PBXTargetDependency */,
			);
			name = WebTestAppTests;
			productName = WebTestAppTests;
			productReference = D97EF8361B21B59900C15643 /* WebTestAppTests.xctest */;
			productType = "com.apple.product-type.bundle.unit-test";
		};
/* End PBXNativeTarget section */

/* Begin PBXProject section */
		D97EF8151B21B59700C15643 /* Project object */ = {
			isa = PBXProject;
			attributes = {
				LastUpgradeCheck = 0630;
				ORGANIZATIONNAME = Intera;
				TargetAttributes = {
					D97EF81C1B21B59800C15643 = {
						CreatedOnToolsVersion = 6.3.2;
					};
					D97EF8351B21B59900C15643 = {
						CreatedOnToolsVersion = 6.3.2;
						TestTargetID = D97EF81C1B21B59800C15643;
					};
				};
			};
			buildConfigurationList = D97EF8181B21B59800C15643 /* Build configuration list for PBXProject "WebTestApp" */;
			compatibilityVersion = "Xcode 3.2";
			developmentRegion = English;
			hasScannedForEncodings = 0;
			knownRegions = (
				en,
				Base,
			);
			mainGroup = D97EF8141B21B59700C15643;
			productRefGroup = D97EF81E1B21B59800C15643 /* Products */;
			projectDirPath = "";
			projectRoot = "";
			targets = (
				D97EF81C1B21B59800C15643 /* WebTestApp */,
				D97EF8351B21B59900C15643 /* WebTestAppTests */,
			);
		};
/* End PBXProject section */

/* Begin PBXResourcesBuildPhase section */
		D97EF81B1B21B59800C15643 /* Resources */ = {
			isa = PBXResourcesBuildPhase;
			buildActionMask = 2147483647;
			files = (
				9DC904301B298A9F003CA3E4 /* Prefixes.properties in Resources */,
				9DF1FA0C1B2E9FEA00F69FF1 /* Generated in Resources */,
				D97EF82C1B21B59800C15643 /* Main.storyboard in Resources */,
				D97EF8311B21B59900C15643 /* LaunchScreen.xib in Resources */,
				D97EF82E1B21B59900C15643 /* Images.xcassets in Resources */,
			);
			runOnlyForDeploymentPostprocessing = 0;
		};
		D97EF8341B21B59900C15643 /* Resources */ = {
			isa = PBXResourcesBuildPhase;
			buildActionMask = 2147483647;
			files = (
			);
			runOnlyForDeploymentPostprocessing = 0;
		};
/* End PBXResourcesBuildPhase section */

/* Begin PBXSourcesBuildPhase section */
		D97EF8191B21B59800C15643 /* Sources */ = {
			isa = PBXSourcesBuildPhase;
			buildActionMask = 2147483647;
			files = (
				9DB6D3BB1B2B0AE8000DD348 /* DataHelper.m in Sources */,
				9DB6D3B81B2B04D7000DD348 /* DataTableViewController.m in Sources */,
				9D06585D1B32E2B000861C09 /* AFHTTPRequestOperationManager.m in Sources */,
				9D06588B1B32F41900861C09 /* DbContract.java in Sources */,
				9DB6D3AE1B2AB53F000DD348 /* Data.java in Sources */,
				9D0658611B32E2B000861C09 /* AFURLConnectionOperation.m in Sources */,
				9DB6D3AA1B2AA9A5000DD348 /* Login.java in Sources */,
				D97EF8291B21B59800C15643 /* ViewController.m in Sources */,
				9D0658621B32E2B000861C09 /* AFURLRequestSerialization.m in Sources */,
				9D06586D1B32E2B000861C09 /* UIButton+AFNetworking.m in Sources */,
				9D0658821B32E2F100861C09 /* FMResultSet.m in Sources */,
				D9987A521B27002600C0EB4D /* LoginHelper.m in Sources */,
				9D06586E1B32E2B000861C09 /* UIImageView+AFNetworking.m in Sources */,
				9D06585E1B32E2B000861C09 /* AFHTTPSessionManager.m in Sources */,
				9D06586F1B32E2B000861C09 /* UIProgressView+AFNetworking.m in Sources */,
				9D06585C1B32E2B000861C09 /* AFHTTPRequestOperation.m in Sources */,
				9D06586A1B32E2B000861C09 /* AFNetworkActivityIndicatorManager.m in Sources */,
				9D0658711B32E2B000861C09 /* UIWebView+AFNetworking.m in Sources */,
				9D0658801B32E2F100861C09 /* FMDatabasePool.m in Sources */,
				9DB6D3A91B2AA9A5000DD348 /* Company.java in Sources */,
				9D0658601B32E2B000861C09 /* AFSecurityPolicy.m in Sources */,
				9DB6D3AC1B2AA9A5000DD348 /* WebResult.java in Sources */,
				9D06585F1B32E2B000861C09 /* AFNetworkReachabilityManager.m in Sources */,
				9D06587E1B32E2F100861C09 /* FMDatabase.m in Sources */,
				9D0658641B32E2B000861C09 /* AFURLSessionManager.m in Sources */,
				9D0658701B32E2B000861C09 /* UIRefreshControl+AFNetworking.m in Sources */,
				9D06587F1B32E2F100861C09 /* FMDatabaseAdditions.m in Sources */,
				9DB6D3B01B2ADA3D000DD348 /* DataInterface.java in Sources */,
				9D06586B1B32E2B000861C09 /* UIActivityIndicatorView+AFNetworking.m in Sources */,
				9DB6D3AB1B2AA9A5000DD348 /* LoginInterface.java in Sources */,
				9D06586C1B32E2B000861C09 /* UIAlertView+AFNetworking.m in Sources */,
				D97EF8261B21B59800C15643 /* AppDelegate.m in Sources */,
				9D04A7BB1B2EBEB2000AE6F5 /* DataCache.java in Sources */,
				9D0658811B32E2F100861C09 /* FMDatabaseQueue.m in Sources */,
				9D0658631B32E2B000861C09 /* AFURLResponseSerialization.m in Sources */,
				D97EF8231B21B59800C15643 /* main.m in Sources */,
				9D0658871B32E3A000861C09 /* DBHelper.m in Sources */,
			);
			runOnlyForDeploymentPostprocessing = 0;
		};
		D97EF8321B21B59900C15643 /* Sources */ = {
			isa = PBXSourcesBuildPhase;
			buildActionMask = 2147483647;
			files = (
				D97EF83D1B21B59900C15643 /* WebTestAppTests.m in Sources */,
			);
			runOnlyForDeploymentPostprocessing = 0;
		};
/* End PBXSourcesBuildPhase section */

/* Begin PBXTargetDependency section */
		D97EF8381B21B59900C15643 /* PBXTargetDependency */ = {
			isa = PBXTargetDependency;
			target = D97EF81C1B21B59800C15643 /* WebTestApp */;
			targetProxy = D97EF8371B21B59900C15643 /* PBXContainerItemProxy */;
		};
/* End PBXTargetDependency section */

/* Begin PBXVariantGroup section */
		D97EF82A1B21B59800C15643 /* Main.storyboard */ = {
			isa = PBXVariantGroup;
			children = (
				D97EF82B1B21B59800C15643 /* Base */,
			);
			name = Main.storyboard;
			sourceTree = "<group>";
		};
		D97EF82F1B21B59900C15643 /* LaunchScreen.xib */ = {
			isa = PBXVariantGroup;
			children = (
				D97EF8301B21B59900C15643 /* Base */,
			);
			name = LaunchScreen.xib;
			sourceTree = "<group>";
		};
/* End PBXVariantGroup section */

/* Begin XCBuildConfiguration section */
		D97EF83E1B21B59900C15643 /* Debug */ = {
			isa = XCBuildConfiguration;
			baseConfigurationReference = 9DC9042C1B298240003CA3E4 /* Settings.xcconfig */;
			buildSettings = {
				ALWAYS_SEARCH_USER_PATHS = NO;
				CLANG_CXX_LANGUAGE_STANDARD = "gnu++0x";
				CLANG_CXX_LIBRARY = "libc++";
				CLANG_ENABLE_MODULES = YES;
				CLANG_ENABLE_OBJC_ARC = YES;
				CLANG_WARN_BOOL_CONVERSION = YES;
				CLANG_WARN_CONSTANT_CONVERSION = YES;
				CLANG_WARN_DIRECT_OBJC_ISA_USAGE = YES_ERROR;
				CLANG_WARN_EMPTY_BODY = YES;
				CLANG_WARN_ENUM_CONVERSION = YES;
				CLANG_WARN_INT_CONVERSION = YES;
				CLANG_WARN_OBJC_ROOT_CLASS = YES_ERROR;
				CLANG_WARN_UNREACHABLE_CODE = YES;
				CLANG_WARN__DUPLICATE_METHOD_MATCH = YES;
				"CODE_SIGN_IDENTITY[sdk=iphoneos*]" = "iPhone Developer";
				COPY_PHASE_STRIP = NO;
				DEBUG_INFORMATION_FORMAT = "dwarf-with-dsym";
				ENABLE_STRICT_OBJC_MSGSEND = YES;
				GCC_C_LANGUAGE_STANDARD = gnu99;
				GCC_DYNAMIC_NO_PIC = NO;
				GCC_NO_COMMON_BLOCKS = YES;
				GCC_OPTIMIZATION_LEVEL = 0;
				GCC_PREPROCESSOR_DEFINITIONS = (
					"DEBUG=1",
					"$(inherited)",
				);
				GCC_SYMBOLS_PRIVATE_EXTERN = NO;
				GCC_WARN_64_TO_32_BIT_CONVERSION = YES;
				GCC_WARN_ABOUT_RETURN_TYPE = YES_ERROR;
				GCC_WARN_UNDECLARED_SELECTOR = YES;
				GCC_WARN_UNINITIALIZED_AUTOS = YES_AGGRESSIVE;
				GCC_WARN_UNUSED_FUNCTION = YES;
				GCC_WARN_UNUSED_VARIABLE = YES;
				IPHONEOS_DEPLOYMENT_TARGET = 8.3;
				MTL_ENABLE_DEBUG_INFO = YES;
				ONLY_ACTIVE_ARCH = YES;
				SDKROOT = iphoneos;
				TARGETED_DEVICE_FAMILY = "1,2";
			};
			name = Debug;
		};
		D97EF83F1B21B59900C15643 /* Release */ = {
			isa = XCBuildConfiguration;
			baseConfigurationReference = 9DC9042C1B298240003CA3E4 /* Settings.xcconfig */;
			buildSettings = {
				ALWAYS_SEARCH_USER_PATHS = NO;
				CLANG_CXX_LANGUAGE_STANDARD = "gnu++0x";
				CLANG_CXX_LIBRARY = "libc++";
				CLANG_ENABLE_MODULES = YES;
				CLANG_ENABLE_OBJC_ARC = YES;
				CLANG_WARN_BOOL_CONVERSION = YES;
				CLANG_WARN_CONSTANT_CONVERSION = YES;
				CLANG_WARN_DIRECT_OBJC_ISA_USAGE = YES_ERROR;
				CLANG_WARN_EMPTY_BODY = YES;
				CLANG_WARN_ENUM_CONVERSION = YES;
				CLANG_WARN_INT_CONVERSION = YES;
				CLANG_WARN_OBJC_ROOT_CLASS = YES_ERROR;
				CLANG_WARN_UNREACHABLE_CODE = YES;
				CLANG_WARN__DUPLICATE_METHOD_MATCH = YES;
				"CODE_SIGN_IDENTITY[sdk=iphoneos*]" = "iPhone Developer";
				COPY_PHASE_STRIP = NO;
				DEBUG_INFORMATION_FORMAT = "dwarf-with-dsym";
				ENABLE_NS_ASSERTIONS = NO;
				ENABLE_STRICT_OBJC_MSGSEND = YES;
				GCC_C_LANGUAGE_STANDARD = gnu99;
				GCC_NO_COMMON_BLOCKS = YES;
				GCC_WARN_64_TO_32_BIT_CONVERSION = YES;
				GCC_WARN_ABOUT_RETURN_TYPE = YES_ERROR;
				GCC_WARN_UNDECLARED_SELECTOR = YES;
				GCC_WARN_UNINITIALIZED_AUTOS = YES_AGGRESSIVE;
				GCC_WARN_UNUSED_FUNCTION = YES;
				GCC_WARN_UNUSED_VARIABLE = YES;
				IPHONEOS_DEPLOYMENT_TARGET = 8.3;
				MTL_ENABLE_DEBUG_INFO = NO;
				SDKROOT = iphoneos;
				TARGETED_DEVICE_FAMILY = "1,2";
				VALIDATE_PRODUCT = YES;
			};
			name = Release;
		};
		D97EF8411B21B59900C15643 /* Debug */ = {
			isa = XCBuildConfiguration;
			buildSettings = {
				ASSETCATALOG_COMPILER_APPICON_NAME = AppIcon;
				HEADER_SEARCH_PATHS = (
					"$(inherited)",
					/Applications/Xcode.app/Contents/Developer/Toolchains/XcodeDefault.xctoolchain/usr/include,
				);
				INFOPLIST_FILE = WebTestApp/Info.plist;
				LD_RUNPATH_SEARCH_PATHS = "$(inherited) @executable_path/Frameworks";
				PRODUCT_NAME = "$(TARGET_NAME)";
			};
			name = Debug;
		};
		D97EF8421B21B59900C15643 /* Release */ = {
			isa = XCBuildConfiguration;
			buildSettings = {
				ASSETCATALOG_COMPILER_APPICON_NAME = AppIcon;
				HEADER_SEARCH_PATHS = (
					"$(inherited)",
					/Applications/Xcode.app/Contents/Developer/Toolchains/XcodeDefault.xctoolchain/usr/include,
				);
				INFOPLIST_FILE = WebTestApp/Info.plist;
				LD_RUNPATH_SEARCH_PATHS = "$(inherited) @executable_path/Frameworks";
				PRODUCT_NAME = "$(TARGET_NAME)";
			};
			name = Release;
		};
		D97EF8441B21B59900C15643 /* Debug */ = {
			isa = XCBuildConfiguration;
			buildSettings = {
				BUNDLE_LOADER = "$(TEST_HOST)";
				FRAMEWORK_SEARCH_PATHS = (
					"$(SDKROOT)/Developer/Library/Frameworks",
					"$(inherited)",
				);
				GCC_PREPROCESSOR_DEFINITIONS = (
					"DEBUG=1",
					"$(inherited)",
				);
				INFOPLIST_FILE = WebTestAppTests/Info.plist;
				LD_RUNPATH_SEARCH_PATHS = "$(inherited) @executable_path/Frameworks @loader_path/Frameworks";
				PRODUCT_NAME = "$(TARGET_NAME)";
				TEST_HOST = "$(BUILT_PRODUCTS_DIR)/WebTestApp.app/WebTestApp";
			};
			name = Debug;
		};
		D97EF8451B21B59900C15643 /* Release */ = {
			isa = XCBuildConfiguration;
			buildSettings = {
				BUNDLE_LOADER = "$(TEST_HOST)";
				FRAMEWORK_SEARCH_PATHS = (
					"$(SDKROOT)/Developer/Library/Frameworks",
					"$(inherited)",
				);
				INFOPLIST_FILE = WebTestAppTests/Info.plist;
				LD_RUNPATH_SEARCH_PATHS = "$(inherited) @executable_path/Frameworks @loader_path/Frameworks";
				PRODUCT_NAME = "$(TARGET_NAME)";
				TEST_HOST = "$(BUILT_PRODUCTS_DIR)/WebTestApp.app/WebTestApp";
			};
			name = Release;
		};
/* End XCBuildConfiguration section */

/* Begin XCConfigurationList section */
		D97EF8181B21B59800C15643 /* Build configuration list for PBXProject "WebTestApp" */ = {
			isa = XCConfigurationList;
			buildConfigurations = (
				D97EF83E1B21B59900C15643 /* Debug */,
				D97EF83F1B21B59900C15643 /* Release */,
			);
			defaultConfigurationIsVisible = 0;
			defaultConfigurationName = Release;
		};
		D97EF8401B21B59900C15643 /* Build configuration list for PBXNativeTarget "WebTestApp" */ = {
			isa = XCConfigurationList;
			buildConfigurations = (
				D97EF8411B21B59900C15643 /* Debug */,
				D97EF8421B21B59900C15643 /* Release */,
			);
			defaultConfigurationIsVisible = 0;
			defaultConfigurationName = Release;
		};
		D97EF8431B21B59900C15643 /* Build configuration list for PBXNativeTarget "WebTestAppTests" */ = {
			isa = XCConfigurationList;
			buildConfigurations = (
				D97EF8441B21B59900C15643 /* Debug */,
				D97EF8451B21B59900C15643 /* Release */,
			);
			defaultConfigurationIsVisible = 0;
			defaultConfigurationName = Release;
		};
/* End XCConfigurationList section */
	};
	rootObject = D97EF8151B21B59700C15643 /* Project object */;
}
